
Microsoft Visual Studio Solution File, Format Version 12.00
# Visual Studio Version 16
VisualStudioVersion = 16.0.30907.101
MinimumVisualStudioVersion = 10.0.40219.1
Project("{FAE04EC0-301F-11D3-BF4B-00C04F79EFBC}") = "ClassMethodDemo", "ClassMethodDemo\ClassMethodDemo.csproj", "{FFBDF831-45B4-4CBA-9C28-2C3795224EC6}"
EndProject
Global
	GlobalSection(SolutionConfigurationPlatforms) = preSolution
		Debug|Any CPU = Debug|Any CPU
		Release|Any CPU = Release|Any CPU
	EndGlobalSection
	GlobalSection(ProjectConfigurationPlatforms) = postSolution
		{FFBDF831-45B4-4CBA-9C28-2C3795224EC6}.Debug|Any CPU.ActiveCfg = Debug|Any CPU
		{FFBDF831-45B4-4CBA-9C28-2C3795224EC6}.Debug|Any CPU.Build.0 = Debug|Any CPU
		{FFBDF831-45B4-4CBA-9C28-2C3795224EC6}.Release|Any CPU.ActiveCfg = Release|Any CPU
		{FFBDF831-45B4-4CBA-9C28-2C3795224EC6}.Release|Any CPU.Build.0 = Release|Any CPU
	EndGlobalSection
	GlobalSection(SolutionProperties) = preSolution
		HideSolutionNode = FALSE
	EndGlobalSection
	GlobalSection(ExtensibilityGlobals) = postSolution
		SolutionGuid = {69AA8AC8-88B9-4608-A6B2-9345B55F09A7}
	EndGlobalSection
EndGlobal
